
Microsoft Visual Studio Solution File, Format Version 12.00
# Visual Studio Version 17
VisualStudioVersion = 17.3.32819.101
MinimumVisualStudioVersion = 10.0.40219.1
Project("{FAE04EC0-301F-11D3-BF4B-00C04F79EFBC}") = "Assignment1", "Assignment1.csproj", "{222DAF82-B0F3-4C8E-8194-D8FF18533E86}"
EndProject
Project("{FAE04EC0-301F-11D3-BF4B-00C04F79EFBC}") = "Assignment1.6", "..\Assignment1.6\Assignment1.6.csproj", "{D79E72DF-8124-4D9C-9E6E-902B00925087}"
EndProject
Project("{FAE04EC0-301F-11D3-BF4B-00C04F79EFBC}") = "Assignment1.1", "..\Assignment1.1\Assignment1.1.csproj", "{CE6B65C9-087D-4A0B-B52E-5AA4A09AEDA7}"
EndProject
Global
	GlobalSection(SolutionConfigurationPlatforms) = preSolution
		Debug|Any CPU = Debug|Any CPU
		Release|Any CPU = Release|Any CPU
	EndGlobalSection
	GlobalSection(ProjectConfigurationPlatforms) = postSolution
		{222DAF82-B0F3-4C8E-8194-D8FF18533E86}.Debug|Any CPU.ActiveCfg = Debug|Any CPU
		{222DAF82-B0F3-4C8E-8194-D8FF18533E86}.Debug|Any CPU.Build.0 = Debug|Any CPU
		{222DAF82-B0F3-4C8E-8194-D8FF18533E86}.Release|Any CPU.ActiveCfg = Release|Any CPU
		{222DAF82-B0F3-4C8E-8194-D8FF18533E86}.Release|Any CPU.Build.0 = Release|Any CPU
		{D79E72DF-8124-4D9C-9E6E-902B00925087}.Debug|Any CPU.ActiveCfg = Debug|Any CPU
		{D79E72DF-8124-4D9C-9E6E-902B00925087}.Debug|Any CPU.Build.0 = Debug|Any CPU
		{D79E72DF-8124-4D9C-9E6E-902B00925087}.Release|Any CPU.ActiveCfg = Release|Any CPU
		{D79E72DF-8124-4D9C-9E6E-902B00925087}.Release|Any CPU.Build.0 = Release|Any CPU
		{CE6B65C9-087D-4A0B-B52E-5AA4A09AEDA7}.Debug|Any CPU.ActiveCfg = Debug|Any CPU
		{CE6B65C9-087D-4A0B-B52E-5AA4A09AEDA7}.Debug|Any CPU.Build.0 = Debug|Any CPU
		{CE6B65C9-087D-4A0B-B52E-5AA4A09AEDA7}.Release|Any CPU.ActiveCfg = Release|Any CPU
		{CE6B65C9-087D-4A0B-B52E-5AA4A09AEDA7}.Release|Any CPU.Build.0 = Release|Any CPU
	EndGlobalSection
	GlobalSection(SolutionProperties) = preSolution
		HideSolutionNode = FALSE
	EndGlobalSection
	GlobalSection(ExtensibilityGlobals) = postSolution
		SolutionGuid = {1BB58562-47C5-4BE1-986A-83753909F7FF}
	EndGlobalSection
EndGlobal
